
Microsoft Visual Studio Solution File, Format Version 12.00
# Visual Studio 15
VisualStudioVersion = 15.0.26730.15
MinimumVisualStudioVersion = 10.0.40219.1
Project("{2150E333-8FDC-42A3-9474-1A3956D46DE8}") = "tsdn.Core", "tsdn.Core", "{0EF5807A-A5B2-4497-8AFB-76A2637D0553}"
EndProject
Project("{2150E333-8FDC-42A3-9474-1A3956D46DE8}") = "tsdn.Module", "tsdn.Module", "{F57C75AC-B622-4629-AE0B-2034F6685220}"
EndProject
Project("{9A19103F-16F7-4668-BE54-9A1E7A4F7556}") = "tsdn.Common.Web", "tsdn.Common.Web\tsdn.Common.Web.csproj", "{E7BC9C5D-4799-40C7-9678-7E13C9C19557}"
EndProject
Project("{9A19103F-16F7-4668-BE54-9A1E7A4F7556}") = "tsdn.Sql", "tsdn.Common.Web\XmlCommand\tsdn.Sql.csproj", "{179AEB0A-ABDA-4704-9AB1-5053F80441F9}"
EndProject
Project("{9A19103F-16F7-4668-BE54-9A1E7A4F7556}") = "tsdn.Entity", "tsdn.Module\tsdn.Entity\tsdn.Entity.csproj", "{AF75D573-7A59-41CF-8EF2-C563B91EEBBD}"
EndProject
Project("{9A19103F-16F7-4668-BE54-9A1E7A4F7556}") = "tsdn.Service", "tsdn.Module\tsdn.Service\tsdn.Service.csproj", "{35C26E1A-1884-47C2-A56A-EBB285483D02}"
EndProject
Project("{9A19103F-16F7-4668-BE54-9A1E7A4F7556}") = "tsdn.Service.Contract", "tsdn.Module\tsdn.Service.Contract\tsdn.Service.Contract.csproj", "{857A55C6-2AF8-41C5-9EFC-1A1BF3A97506}"
EndProject
Project("{9A19103F-16F7-4668-BE54-9A1E7A4F7556}") = "tsdn.Common.Aop", "tsdn.Core\tsdn.Common.Aop\tsdn.Common.Aop.csproj", "{D02C9268-7F60-4744-9F72-C849E963B86B}"
EndProject
Project("{9A19103F-16F7-4668-BE54-9A1E7A4F7556}") = "tsdn.Common.Cache", "tsdn.Core\tsdn.Common.Cache\tsdn.Common.Cache.csproj", "{EB7A8BC5-70BF-4EDB-93EC-F6CC06C3C706}"
EndProject
Project("{9A19103F-16F7-4668-BE54-9A1E7A4F7556}") = "tsdn.Common.Config", "tsdn.Core\tsdn.Common.Config\tsdn.Common.Config.csproj", "{10D3941B-7C19-45E1-9594-1575CF8FB922}"
EndProject
Project("{9A19103F-16F7-4668-BE54-9A1E7A4F7556}") = "tsdn.Common.Core", "tsdn.Core\tsdn.Common.Core\tsdn.Common.Core.csproj", "{B0B67ED8-76E0-4BA3-9D6F-9D92D946262F}"
EndProject
Project("{9A19103F-16F7-4668-BE54-9A1E7A4F7556}") = "tsdn.Common.Dapper", "tsdn.Core\tsdn.Common.Dapper\tsdn.Common.Dapper.csproj", "{99160944-6F6E-4104-84ED-68CBAC7E7971}"
EndProject
Project("{9A19103F-16F7-4668-BE54-9A1E7A4F7556}") = "tsdn.Common.Data", "tsdn.Core\tsdn.Common.Data\tsdn.Common.Data.csproj", "{ADCDCC39-2DA6-451C-AD06-30F081EBFB2A}"
EndProject
Project("{9A19103F-16F7-4668-BE54-9A1E7A4F7556}") = "tsdn.Common.HttpProxy", "tsdn.Core\tsdn.Common.HttpProxy\tsdn.Common.HttpProxy.csproj", "{DC797ADA-37E0-4F56-AB84-F0D1A473B6F5}"
EndProject
Project("{9A19103F-16F7-4668-BE54-9A1E7A4F7556}") = "tsdn.Common.Log4net", "tsdn.Core\tsdn.Common.Log4net\tsdn.Common.Log4net.csproj", "{8E228107-1E74-4E8A-ABBC-73EAC6A401DA}"
EndProject
Project("{9A19103F-16F7-4668-BE54-9A1E7A4F7556}") = "tsdn.Common.MVC", "tsdn.Core\tsdn.Common.MVC\tsdn.Common.MVC.csproj", "{DDF8178A-35DD-419A-B79F-56069BEAC935}"
EndProject
Project("{9A19103F-16F7-4668-BE54-9A1E7A4F7556}") = "tsdn.Common.SignalR", "tsdn.Core\tsdn.Common.SignalR\tsdn.Common.SignalR.csproj", "{53DB32BB-B685-4C63-9D15-1C5A441E34A7}"
EndProject
Project("{9A19103F-16F7-4668-BE54-9A1E7A4F7556}") = "tsdn.Common.Utility", "tsdn.Core\tsdn.Common.Utility\tsdn.Common.Utility.csproj", "{A461E5A2-9055-4F2F-8E34-B4A0CDA76FA6}"
EndProject
Project("{9A19103F-16F7-4668-BE54-9A1E7A4F7556}") = "tsdn.RemoteEventBus", "tsdn.Core\tsdn.RemoteEventBus\tsdn.RemoteEventBus.csproj", "{35CF6F54-94BB-4692-A357-860F4F660A09}"
EndProject
Project("{9A19103F-16F7-4668-BE54-9A1E7A4F7556}") = "tsdn.RemoteEventBus.RabbitMQ", "tsdn.Core\tsdn.RemoteEventBus.RabbitMQ\tsdn.RemoteEventBus.RabbitMQ.csproj", "{D93B96AF-6651-4592-A368-E07E513484C3}"
EndProject
Project("{9A19103F-16F7-4668-BE54-9A1E7A4F7556}") = "tsdn.Api", "tsdn.Module\tsdn.Api\tsdn.Api.csproj", "{0201D5D9-B0DB-47DB-8B12-90BB5D2D1AF1}"
EndProject
Global
	GlobalSection(SolutionConfigurationPlatforms) = preSolution
		Debug|Any CPU = Debug|Any CPU
		Release|Any CPU = Release|Any CPU
	EndGlobalSection
	GlobalSection(ProjectConfigurationPlatforms) = postSolution
		{E7BC9C5D-4799-40C7-9678-7E13C9C19557}.Debug|Any CPU.ActiveCfg = Debug|Any CPU
		{E7BC9C5D-4799-40C7-9678-7E13C9C19557}.Debug|Any CPU.Build.0 = Debug|Any CPU
		{E7BC9C5D-4799-40C7-9678-7E13C9C19557}.Release|Any CPU.ActiveCfg = Release|Any CPU
		{E7BC9C5D-4799-40C7-9678-7E13C9C19557}.Release|Any CPU.Build.0 = Release|Any CPU
		{179AEB0A-ABDA-4704-9AB1-5053F80441F9}.Debug|Any CPU.ActiveCfg = Debug|Any CPU
		{179AEB0A-ABDA-4704-9AB1-5053F80441F9}.Debug|Any CPU.Build.0 = Debug|Any CPU
		{179AEB0A-ABDA-4704-9AB1-5053F80441F9}.Release|Any CPU.ActiveCfg = Release|Any CPU
		{179AEB0A-ABDA-4704-9AB1-5053F80441F9}.Release|Any CPU.Build.0 = Release|Any CPU
		{AF75D573-7A59-41CF-8EF2-C563B91EEBBD}.Debug|Any CPU.ActiveCfg = Debug|Any CPU
		{AF75D573-7A59-41CF-8EF2-C563B91EEBBD}.Debug|Any CPU.Build.0 = Debug|Any CPU
		{AF75D573-7A59-41CF-8EF2-C563B91EEBBD}.Release|Any CPU.ActiveCfg = Release|Any CPU
		{AF75D573-7A59-41CF-8EF2-C563B91EEBBD}.Release|Any CPU.Build.0 = Release|Any CPU
		{35C26E1A-1884-47C2-A56A-EBB285483D02}.Debug|Any CPU.ActiveCfg = Debug|Any CPU
		{35C26E1A-1884-47C2-A56A-EBB285483D02}.Debug|Any CPU.Build.0 = Debug|Any CPU
		{35C26E1A-1884-47C2-A56A-EBB285483D02}.Release|Any CPU.ActiveCfg = Release|Any CPU
		{35C26E1A-1884-47C2-A56A-EBB285483D02}.Release|Any CPU.Build.0 = Release|Any CPU
		{857A55C6-2AF8-41C5-9EFC-1A1BF3A97506}.Debug|Any CPU.ActiveCfg = Debug|Any CPU
		{857A55C6-2AF8-41C5-9EFC-1A1BF3A97506}.Debug|Any CPU.Build.0 = Debug|Any CPU
		{857A55C6-2AF8-41C5-9EFC-1A1BF3A97506}.Release|Any CPU.ActiveCfg = Release|Any CPU
		{857A55C6-2AF8-41C5-9EFC-1A1BF3A97506}.Release|Any CPU.Build.0 = Release|Any CPU
		{D02C9268-7F60-4744-9F72-C849E963B86B}.Debug|Any CPU.ActiveCfg = Debug|Any CPU
		{D02C9268-7F60-4744-9F72-C849E963B86B}.Debug|Any CPU.Build.0 = Debug|Any CPU
		{D02C9268-7F60-4744-9F72-C849E963B86B}.Release|Any CPU.ActiveCfg = Release|Any CPU
		{D02C9268-7F60-4744-9F72-C849E963B86B}.Release|Any CPU.Build.0 = Release|Any CPU
		{EB7A8BC5-70BF-4EDB-93EC-F6CC06C3C706}.Debug|Any CPU.ActiveCfg = Debug|Any CPU
		{EB7A8BC5-70BF-4EDB-93EC-F6CC06C3C706}.Debug|Any CPU.Build.0 = Debug|Any CPU
		{EB7A8BC5-70BF-4EDB-93EC-F6CC06C3C706}.Release|Any CPU.ActiveCfg = Release|Any CPU
		{EB7A8BC5-70BF-4EDB-93EC-F6CC06C3C706}.Release|Any CPU.Build.0 = Release|Any CPU
		{10D3941B-7C19-45E1-9594-1575CF8FB922}.Debug|Any CPU.ActiveCfg = Debug|Any CPU
		{10D3941B-7C19-45E1-9594-1575CF8FB922}.Debug|Any CPU.Build.0 = Debug|Any CPU
		{10D3941B-7C19-45E1-9594-1575CF8FB922}.Release|Any CPU.ActiveCfg = Release|Any CPU
		{10D3941B-7C19-45E1-9594-1575CF8FB922}.Release|Any CPU.Build.0 = Release|Any CPU
		{B0B67ED8-76E0-4BA3-9D6F-9D92D946262F}.Debug|Any CPU.ActiveCfg = Debug|Any CPU
		{B0B67ED8-76E0-4BA3-9D6F-9D92D946262F}.Debug|Any CPU.Build.0 = Debug|Any CPU
		{B0B67ED8-76E0-4BA3-9D6F-9D92D946262F}.Release|Any CPU.ActiveCfg = Release|Any CPU
		{B0B67ED8-76E0-4BA3-9D6F-9D92D946262F}.Release|Any CPU.Build.0 = Release|Any CPU
		{99160944-6F6E-4104-84ED-68CBAC7E7971}.Debug|Any CPU.ActiveCfg = Debug|Any CPU
		{99160944-6F6E-4104-84ED-68CBAC7E7971}.Debug|Any CPU.Build.0 = Debug|Any CPU
		{99160944-6F6E-4104-84ED-68CBAC7E7971}.Release|Any CPU.ActiveCfg = Release|Any CPU
		{99160944-6F6E-4104-84ED-68CBAC7E7971}.Release|Any CPU.Build.0 = Release|Any CPU
		{ADCDCC39-2DA6-451C-AD06-30F081EBFB2A}.Debug|Any CPU.ActiveCfg = Debug|Any CPU
		{ADCDCC39-2DA6-451C-AD06-30F081EBFB2A}.Debug|Any CPU.Build.0 = Debug|Any CPU
		{ADCDCC39-2DA6-451C-AD06-30F081EBFB2A}.Release|Any CPU.ActiveCfg = Release|Any CPU
		{ADCDCC39-2DA6-451C-AD06-30F081EBFB2A}.Release|Any CPU.Build.0 = Release|Any CPU
		{DC797ADA-37E0-4F56-AB84-F0D1A473B6F5}.Debug|Any CPU.ActiveCfg = Debug|Any CPU
		{DC797ADA-37E0-4F56-AB84-F0D1A473B6F5}.Debug|Any CPU.Build.0 = Debug|Any CPU
		{DC797ADA-37E0-4F56-AB84-F0D1A473B6F5}.Release|Any CPU.ActiveCfg = Release|Any CPU
		{DC797ADA-37E0-4F56-AB84-F0D1A473B6F5}.Release|Any CPU.Build.0 = Release|Any CPU
		{8E228107-1E74-4E8A-ABBC-73EAC6A401DA}.Debug|Any CPU.ActiveCfg = Debug|Any CPU
		{8E228107-1E74-4E8A-ABBC-73EAC6A401DA}.Debug|Any CPU.Build.0 = Debug|Any CPU
		{8E228107-1E74-4E8A-ABBC-73EAC6A401DA}.Release|Any CPU.ActiveCfg = Release|Any CPU
		{8E228107-1E74-4E8A-ABBC-73EAC6A401DA}.Release|Any CPU.Build.0 = Release|Any CPU
		{DDF8178A-35DD-419A-B79F-56069BEAC935}.Debug|Any CPU.ActiveCfg = Debug|Any CPU
		{DDF8178A-35DD-419A-B79F-56069BEAC935}.Debug|Any CPU.Build.0 = Debug|Any CPU
		{DDF8178A-35DD-419A-B79F-56069BEAC935}.Release|Any CPU.ActiveCfg = Release|Any CPU
		{DDF8178A-35DD-419A-B79F-56069BEAC935}.Release|Any CPU.Build.0 = Release|Any CPU
		{53DB32BB-B685-4C63-9D15-1C5A441E34A7}.Debug|Any CPU.ActiveCfg = Debug|Any CPU
		{53DB32BB-B685-4C63-9D15-1C5A441E34A7}.Debug|Any CPU.Build.0 = Debug|Any CPU
		{53DB32BB-B685-4C63-9D15-1C5A441E34A7}.Release|Any CPU.ActiveCfg = Release|Any CPU
		{53DB32BB-B685-4C63-9D15-1C5A441E34A7}.Release|Any CPU.Build.0 = Release|Any CPU
		{A461E5A2-9055-4F2F-8E34-B4A0CDA76FA6}.Debug|Any CPU.ActiveCfg = Debug|Any CPU
		{A461E5A2-9055-4F2F-8E34-B4A0CDA76FA6}.Debug|Any CPU.Build.0 = Debug|Any CPU
		{A461E5A2-9055-4F2F-8E34-B4A0CDA76FA6}.Release|Any CPU.ActiveCfg = Release|Any CPU
		{A461E5A2-9055-4F2F-8E34-B4A0CDA76FA6}.Release|Any CPU.Build.0 = Release|Any CPU
		{35CF6F54-94BB-4692-A357-860F4F660A09}.Debug|Any CPU.ActiveCfg = Debug|Any CPU
		{35CF6F54-94BB-4692-A357-860F4F660A09}.Debug|Any CPU.Build.0 = Debug|Any CPU
		{35CF6F54-94BB-4692-A357-860F4F660A09}.Release|Any CPU.ActiveCfg = Release|Any CPU
		{35CF6F54-94BB-4692-A357-860F4F660A09}.Release|Any CPU.Build.0 = Release|Any CPU
		{D93B96AF-6651-4592-A368-E07E513484C3}.Debug|Any CPU.ActiveCfg = Debug|Any CPU
		{D93B96AF-6651-4592-A368-E07E513484C3}.Debug|Any CPU.Build.0 = Debug|Any CPU
		{D93B96AF-6651-4592-A368-E07E513484C3}.Release|Any CPU.ActiveCfg = Release|Any CPU
		{D93B96AF-6651-4592-A368-E07E513484C3}.Release|Any CPU.Build.0 = Release|Any CPU
		{0201D5D9-B0DB-47DB-8B12-90BB5D2D1AF1}.Debug|Any CPU.ActiveCfg = Debug|Any CPU
		{0201D5D9-B0DB-47DB-8B12-90BB5D2D1AF1}.Debug|Any CPU.Build.0 = Debug|Any CPU
		{0201D5D9-B0DB-47DB-8B12-90BB5D2D1AF1}.Release|Any CPU.ActiveCfg = Release|Any CPU
		{0201D5D9-B0DB-47DB-8B12-90BB5D2D1AF1}.Release|Any CPU.Build.0 = Release|Any CPU
	EndGlobalSection
	GlobalSection(SolutionProperties) = preSolution
		HideSolutionNode = FALSE
	EndGlobalSection
	GlobalSection(NestedProjects) = preSolution
		{179AEB0A-ABDA-4704-9AB1-5053F80441F9} = {F57C75AC-B622-4629-AE0B-2034F6685220}
		{AF75D573-7A59-41CF-8EF2-C563B91EEBBD} = {F57C75AC-B622-4629-AE0B-2034F6685220}
		{35C26E1A-1884-47C2-A56A-EBB285483D02} = {F57C75AC-B622-4629-AE0B-2034F6685220}
		{857A55C6-2AF8-41C5-9EFC-1A1BF3A97506} = {F57C75AC-B622-4629-AE0B-2034F6685220}
		{D02C9268-7F60-4744-9F72-C849E963B86B} = {0EF5807A-A5B2-4497-8AFB-76A2637D0553}
		{EB7A8BC5-70BF-4EDB-93EC-F6CC06C3C706} = {0EF5807A-A5B2-4497-8AFB-76A2637D0553}
		{10D3941B-7C19-45E1-9594-1575CF8FB922} = {0EF5807A-A5B2-4497-8AFB-76A2637D0553}
		{B0B67ED8-76E0-4BA3-9D6F-9D92D946262F} = {0EF5807A-A5B2-4497-8AFB-76A2637D0553}
		{99160944-6F6E-4104-84ED-68CBAC7E7971} = {0EF5807A-A5B2-4497-8AFB-76A2637D0553}
		{ADCDCC39-2DA6-451C-AD06-30F081EBFB2A} = {0EF5807A-A5B2-4497-8AFB-76A2637D0553}
		{DC797ADA-37E0-4F56-AB84-F0D1A473B6F5} = {0EF5807A-A5B2-4497-8AFB-76A2637D0553}
		{8E228107-1E74-4E8A-ABBC-73EAC6A401DA} = {0EF5807A-A5B2-4497-8AFB-76A2637D0553}
		{DDF8178A-35DD-419A-B79F-56069BEAC935} = {0EF5807A-A5B2-4497-8AFB-76A2637D0553}
		{53DB32BB-B685-4C63-9D15-1C5A441E34A7} = {0EF5807A-A5B2-4497-8AFB-76A2637D0553}
		{A461E5A2-9055-4F2F-8E34-B4A0CDA76FA6} = {0EF5807A-A5B2-4497-8AFB-76A2637D0553}
		{35CF6F54-94BB-4692-A357-860F4F660A09} = {0EF5807A-A5B2-4497-8AFB-76A2637D0553}
		{D93B96AF-6651-4592-A368-E07E513484C3} = {0EF5807A-A5B2-4497-8AFB-76A2637D0553}
		{0201D5D9-B0DB-47DB-8B12-90BB5D2D1AF1} = {F57C75AC-B622-4629-AE0B-2034F6685220}
	EndGlobalSection
	GlobalSection(ExtensibilityGlobals) = postSolution
		SolutionGuid = {8805AD6B-6A19-4F52-8FE2-A948AC436D9D}
	EndGlobalSection
EndGlobal
